{
    "_readme": [
        "This file locks the dependencies of your project to a known state",
        "Read more about it at https://getcomposer.org/doc/01-basic-usage.md#installing-dependencies",
        "This file is @generated automatically"
    ],
    "content-hash": "a95c3fbb6892bd4f27763296a1f34609",
    "packages": [
        {
            "name": "giggsey/libphonenumber-for-php-lite",
            "version": "8.13.23",
            "source": {
                "type": "git",
                "url": "https://github.com/giggsey/libphonenumber-for-php-lite.git",
                "reference": "bd0de0035f158e11fe64ad1267e630da23e5d4e1"
            },
            "dist": {
                "type": "zip",
                "url": "https://api.github.com/repos/giggsey/libphonenumber-for-php-lite/zipball/bd0de0035f158e11fe64ad1267e630da23e5d4e1",
                "reference": "bd0de0035f158e11fe64ad1267e630da23e5d4e1",
                "shasum": ""
            },
            "require": {
                "php": "^8.0",
                "symfony/polyfill-mbstring": "^1.17"
            },
            "conflict": {
                "giggsey/libphonenumber-for-php": "*"
            },
            "require-dev": {
                "ext-dom": "*",
                "friendsofphp/php-cs-fixer": "^3.12",
                "infection/infection": "^0.26.16",
                "pear/pear-core-minimal": "^1.10.11",
                "pear/pear_exception": "^1.0.2",
                "pear/versioncontrol_git": "^0.5",
                "phing/phing": "^2.17.4",
                "phpstan/extension-installer": "^1.2",
                "phpstan/phpstan": "^1.8",
                "phpstan/phpstan-phpunit": "^1.2",
                "phpunit/phpunit": "^9.5.26",
                "symfony/console": "^6.0"
            },
            "suggest": {
                "giggsey/libphonenumber-for-php": "Use libphonenumber-for-php for geocoding, carriers, timezones and matching"
            },
            "type": "library",
            "extra": {
                "branch-alias": {
                    "dev-master": "8.x-dev"
                }
            },
            "autoload": {
                "psr-4": {
                    "libphonenumber\\": "src/"
                },
                "exclude-from-classmap": [
                    "/src/data/",
                    "/src/carrier/data/",
                    "/src/geocoding/data/",
                    "/src/timezone/data/"
                ]
            },
            "notification-url": "https://packagist.org/downloads/",
            "license": [
                "Apache-2.0"
            ],
            "authors": [
                {
                    "name": "Joshua Gigg",
                    "email": "giggsey@gmail.com",
                    "homepage": "https://giggsey.com/"
                }
            ],
            "description": "A lite version of giggsey/libphonenumber-for-php, which is a PHP Port of Google's libphonenumber",
            "homepage": "https://github.com/giggsey/libphonenumber-for-php-lite",
            "keywords": [
                "geocoding",
                "geolocation",
                "libphonenumber",
                "mobile",
                "phonenumber",
                "validation"
            ],
            "support": {
                "issues": "https://github.com/giggsey/libphonenumber-for-php-lite/issues",
                "source": "https://github.com/giggsey/libphonenumber-for-php-lite"
            },
            "time": "2023-10-11T07:19:16+00:00"
        },
        {
            "name": "symfony/polyfill-mbstring",
            "version": "v1.28.0",
            "source": {
                "type": "git",
                "url": "https://github.com/symfony/polyfill-mbstring.git",
                "reference": "42292d99c55abe617799667f454222c54c60e229"
            },
            "dist": {
                "type": "zip",
                "url": "https://api.github.com/repos/symfony/polyfill-mbstring/zipball/42292d99c55abe617799667f454222c54c60e229",
                "reference": "42292d99c55abe617799667f454222c54c60e229",
                "shasum": ""
            },
            "require": {
                "php": ">=7.1"
            },
            "provide": {
                "ext-mbstring": "*"
            },
            "suggest": {
                "ext-mbstring": "For best performance"
            },
            "type": "library",
            "extra": {
                "branch-alias": {
                    "dev-main": "1.28-dev"
                },
                "thanks": {
                    "name": "symfony/polyfill",
                    "url": "https://github.com/symfony/polyfill"
                }
            },
            "autoload": {
                "files": [
                    "bootstrap.php"
                ],
                "psr-4": {
                    "Symfony\\Polyfill\\Mbstring\\": ""
                }
            },
            "notification-url": "https://packagist.org/downloads/",
            "license": [
                "MIT"
            ],
            "authors": [
                {
                    "name": "Nicolas Grekas",
                    "email": "p@tchwork.com"
                },
                {
                    "name": "Symfony Community",
                    "homepage": "https://symfony.com/contributors"
                }
            ],
            "description": "Symfony polyfill for the Mbstring extension",
            "homepage": "https://symfony.com",
            "keywords": [
                "compatibility",
                "mbstring",
                "polyfill",
                "portable",
                "shim"
            ],
            "support": {
                "source": "https://github.com/symfony/polyfill-mbstring/tree/v1.28.0"
            },
            "funding": [
                {
                    "url": "https://symfony.com/sponsor",
                    "type": "custom"
                },
                {
                    "url": "https://github.com/fabpot",
                    "type": "github"
                },
                {
                    "url": "https://tidelift.com/funding/github/packagist/symfony/symfony",
                    "type": "tidelift"
                }
            ],
            "time": "2023-07-28T09:04:16+00:00"
        }
    ],
    "packages-dev": [],
    "aliases": [],
    "minimum-stability": "stable",
    "stability-flags": [],
    "prefer-stable": false,
    "prefer-lowest": false,
    "platform": [],
    "platform-dev": [],
    "plugin-api-version": "2.6.0"
}
